// !$*UTF8*$!
{
	archiveVersion = 1;
	classes = {
	};
	objectVersion = 56;
	objects = {

/* Begin PBXBuildFile section */
		7A51BF5E292411960050221B /* SwiftMapApp.swift in Sources */ = {isa = PBXBuildFile; fileRef = 7A51BF5D292411960050221B /* SwiftMapApp.swift */; };
		7A51BF60292411960050221B /* ContentView.swift in Sources */ = {isa = PBXBuildFile; fileRef = 7A51BF5F292411960050221B /* ContentView.swift */; };
		7A51BF62292411970050221B /* Assets.xcassets in Resources */ = {isa = PBXBuildFile; fileRef = 7A51BF61292411970050221B /* Assets.xcassets */; };
		7A51BF65292411970050221B /* Preview Assets.xcassets in Resources */ = {isa = PBXBuildFile; fileRef = 7A51BF64292411970050221B /* Preview Assets.xcassets */; };
		7A51BF6F2924126F0050221B /* Location.swift in Sources */ = {isa = PBXBuildFile; fileRef = 7A51BF6E2924126F0050221B /* Location.swift */; };
		7A51BF72292413480050221B /* LocationsDataService.swift in Sources */ = {isa = PBXBuildFile; fileRef = 7A51BF71292413480050221B /* LocationsDataService.swift */; };
		7A51BF74292413AF0050221B /* LocationView.swift in Sources */ = {isa = PBXBuildFile; fileRef = 7A51BF73292413AF0050221B /* LocationView.swift */; };
		7A51BF76292415C00050221B /* LocationsViewModel.swift in Sources */ = {isa = PBXBuildFile; fileRef = 7A51BF75292415C00050221B /* LocationsViewModel.swift */; };
		7A51BF7829241C140050221B /* LocationsListView.swift in Sources */ = {isa = PBXBuildFile; fileRef = 7A51BF7729241C140050221B /* LocationsListView.swift */; };
		7A51BF7A292436100050221B /* LocationPreviewView.swift in Sources */ = {isa = PBXBuildFile; fileRef = 7A51BF79292436100050221B /* LocationPreviewView.swift */; };
/* End PBXBuildFile section */

/* Begin PBXFileReference section */
		7A51BF5A292411960050221B /* SwiftMap.app */ = {isa = PBXFileReference; explicitFileType = wrapper.application; includeInIndex = 0; path = SwiftMap.app; sourceTree = BUILT_PRODUCTS_DIR; };
		7A51BF5D292411960050221B /* SwiftMapApp.swift */ = {isa = PBXFileReference; lastKnownFileType = sourcecode.swift; path = SwiftMapApp.swift; sourceTree = "<group>"; };
		7A51BF5F292411960050221B /* ContentView.swift */ = {isa = PBXFileReference; lastKnownFileType = sourcecode.swift; path = ContentView.swift; sourceTree = "<group>"; };
		7A51BF61292411970050221B /* Assets.xcassets */ = {isa = PBXFileReference; lastKnownFileType = folder.assetcatalog; path = Assets.xcassets; sourceTree = "<group>"; };
		7A51BF64292411970050221B /* Preview Assets.xcassets */ = {isa = PBXFileReference; lastKnownFileType = folder.assetcatalog; path = "Preview Assets.xcassets"; sourceTree = "<group>"; };
		7A51BF6E2924126F0050221B /* Location.swift */ = {isa = PBXFileReference; lastKnownFileType = sourcecode.swift; path = Location.swift; sourceTree = "<group>"; };
		7A51BF71292413480050221B /* LocationsDataService.swift */ = {isa = PBXFileReference; fileEncoding = 4; lastKnownFileType = sourcecode.swift; path = LocationsDataService.swift; sourceTree = "<group>"; };
		7A51BF73292413AF0050221B /* LocationView.swift */ = {isa = PBXFileReference; lastKnownFileType = sourcecode.swift; path = LocationView.swift; sourceTree = "<group>"; };
		7A51BF75292415C00050221B /* LocationsViewModel.swift */ = {isa = PBXFileReference; lastKnownFileType = sourcecode.swift; path = LocationsViewModel.swift; sourceTree = "<group>"; };
		7A51BF7729241C140050221B /* LocationsListView.swift */ = {isa = PBXFileReference; lastKnownFileType = sourcecode.swift; path = LocationsListView.swift; sourceTree = "<group>"; };
		7A51BF79292436100050221B /* LocationPreviewView.swift */ = {isa = PBXFileReference; lastKnownFileType = sourcecode.swift; path = LocationPreviewView.swift; sourceTree = "<group>"; };
/* End PBXFileReference section */

/* Begin PBXFrameworksBuildPhase section */
		7A51BF57292411960050221B /* Frameworks */ = {
			isa = PBXFrameworksBuildPhase;
			buildActionMask = 2147483647;
			files = (
			);
			runOnlyForDeploymentPostprocessing = 0;
		};
/* End PBXFrameworksBuildPhase section */

/* Begin PBXGroup section */
		7A51BF51292411960050221B = {
			isa = PBXGroup;
			children = (
				7A51BF5C292411960050221B /* SwiftMap */,
				7A51BF5B292411960050221B /* Products */,
			);
			sourceTree = "<group>";
		};
		7A51BF5B292411960050221B /* Products */ = {
			isa = PBXGroup;
			children = (
				7A51BF5A292411960050221B /* SwiftMap.app */,
			);
			name = Products;
			sourceTree = "<group>";
		};
		7A51BF5C292411960050221B /* SwiftMap */ = {
			isa = PBXGroup;
			children = (
				7A51BF702924133B0050221B /* DataService */,
				7A51BF6D2924123B0050221B /* Model */,
				7A51BF6C292412320050221B /* ViewModels */,
				7A51BF6B292412270050221B /* Views */,
				7A51BF5D292411960050221B /* SwiftMapApp.swift */,
				7A51BF5F292411960050221B /* ContentView.swift */,
				7A51BF61292411970050221B /* Assets.xcassets */,
				7A51BF63292411970050221B /* Preview Content */,
			);
			path = SwiftMap;
			sourceTree = "<group>";
		};
		7A51BF63292411970050221B /* Preview Content */ = {
			isa = PBXGroup;
			children = (
				7A51BF64292411970050221B /* Preview Assets.xcassets */,
			);
			path = "Preview Content";
			sourceTree = "<group>";
		};
		7A51BF6B292412270050221B /* Views */ = {
			isa = PBXGroup;
			children = (
				7A51BF73292413AF0050221B /* LocationView.swift */,
				7A51BF7729241C140050221B /* LocationsListView.swift */,
				7A51BF79292436100050221B /* LocationPreviewView.swift */,
			);
			path = Views;
			sourceTree = "<group>";
		};
		7A51BF6C292412320050221B /* ViewModels */ = {
			isa = PBXGroup;
			children = (
				7A51BF75292415C00050221B /* LocationsViewModel.swift */,
			);
			path = ViewModels;
			sourceTree = "<group>";
		};
		7A51BF6D2924123B0050221B /* Model */ = {
			isa = PBXGroup;
			children = (
				7A51BF6E2924126F0050221B /* Location.swift */,
			);
			path = Model;
			sourceTree = "<group>";
		};
		7A51BF702924133B0050221B /* DataService */ = {
			isa = PBXGroup;
			children = (
				7A51BF71292413480050221B /* LocationsDataService.swift */,
			);
			path = DataService;
			sourceTree = "<group>";
		};
/* End PBXGroup section */

/* Begin PBXNativeTarget section */
		7A51BF59292411960050221B /* SwiftMap */ = {
			isa = PBXNativeTarget;
			buildConfigurationList = 7A51BF68292411970050221B /* Build configuration list for PBXNativeTarget "SwiftMap" */;
			buildPhases = (
				7A51BF56292411960050221B /* Sources */,
				7A51BF57292411960050221B /* Frameworks */,
				7A51BF58292411960050221B /* Resources */,
			);
			buildRules = (
			);
			dependencies = (
			);
			name = SwiftMap;
			productName = SwiftMap;
			productReference = 7A51BF5A292411960050221B /* SwiftMap.app */;
			productType = "com.apple.product-type.application";
		};
/* End PBXNativeTarget section */

/* Begin PBXProject section */
		7A51BF52292411960050221B /* Project object */ = {
			isa = PBXProject;
			attributes = {
				BuildIndependentTargetsInParallel = 1;
				LastSwiftUpdateCheck = 1410;
				LastUpgradeCheck = 1410;
				TargetAttributes = {
					7A51BF59292411960050221B = {
						CreatedOnToolsVersion = 14.1;
					};
				};
			};
			buildConfigurationList = 7A51BF55292411960050221B /* Build configuration list for PBXProject "SwiftMap" */;
			compatibilityVersion = "Xcode 14.0";
			developmentRegion = en;
			hasScannedForEncodings = 0;
			knownRegions = (
				en,
				Base,
			);
			mainGroup = 7A51BF51292411960050221B;
			productRefGroup = 7A51BF5B292411960050221B /* Products */;
			projectDirPath = "";
			projectRoot = "";
			targets = (
				7A51BF59292411960050221B /* SwiftMap */,
			);
		};
/* End PBXProject section */

/* Begin PBXResourcesBuildPhase section */
		7A51BF58292411960050221B /* Resources */ = {
			isa = PBXResourcesBuildPhase;
			buildActionMask = 2147483647;
			files = (
				7A51BF65292411970050221B /* Preview Assets.xcassets in Resources */,
				7A51BF62292411970050221B /* Assets.xcassets in Resources */,
			);
			runOnlyForDeploymentPostprocessing = 0;
		};
/* End PBXResourcesBuildPhase section */

/* Begin PBXSourcesBuildPhase section */
		7A51BF56292411960050221B /* Sources */ = {
			isa = PBXSourcesBuildPhase;
			buildActionMask = 2147483647;
			files = (
				7A51BF72292413480050221B /* LocationsDataService.swift in Sources */,
				7A51BF76292415C00050221B /* LocationsViewModel.swift in Sources */,
				7A51BF7A292436100050221B /* LocationPreviewView.swift in Sources */,
				7A51BF60292411960050221B /* ContentView.swift in Sources */,
				7A51BF7829241C140050221B /* LocationsListView.swift in Sources */,
				7A51BF74292413AF0050221B /* LocationView.swift in Sources */,
				7A51BF6F2924126F0050221B /* Location.swift in Sources */,
				7A51BF5E292411960050221B /* SwiftMapApp.swift in Sources */,
			);
			runOnlyForDeploymentPostprocessing = 0;
		};
/* End PBXSourcesBuildPhase section */

/* Begin XCBuildConfiguration section */
		7A51BF66292411970050221B /* Debug */ = {
			isa = XCBuildConfiguration;
			buildSettings = {
				ALWAYS_SEARCH_USER_PATHS = NO;
				CLANG_ANALYZER_NONNULL = YES;
				CLANG_ANALYZER_NUMBER_OBJECT_CONVERSION = YES_AGGRESSIVE;
				CLANG_CXX_LANGUAGE_STANDARD = "gnu++20";
				CLANG_ENABLE_MODULES = YES;
				CLANG_ENABLE_OBJC_ARC = YES;
				CLANG_ENABLE_OBJC_WEAK = YES;
				CLANG_WARN_BLOCK_CAPTURE_AUTORELEASING = YES;
				CLANG_WARN_BOOL_CONVERSION = YES;
				CLANG_WARN_COMMA = YES;
				CLANG_WARN_CONSTANT_CONVERSION = YES;
				CLANG_WARN_DEPRECATED_OBJC_IMPLEMENTATIONS = YES;
				CLANG_WARN_DIRECT_OBJC_ISA_USAGE = YES_ERROR;
				CLANG_WARN_DOCUMENTATION_COMMENTS = YES;
				CLANG_WARN_EMPTY_BODY = YES;
				CLANG_WARN_ENUM_CONVERSION = YES;
				CLANG_WARN_INFINITE_RECURSION = YES;
				CLANG_WARN_INT_CONVERSION = YES;
				CLANG_WARN_NON_LITERAL_NULL_CONVERSION = YES;
				CLANG_WARN_OBJC_IMPLICIT_RETAIN_SELF = YES;
				CLANG_WARN_OBJC_LITERAL_CONVERSION = YES;
				CLANG_WARN_OBJC_ROOT_CLASS = YES_ERROR;
				CLANG_WARN_QUOTED_INCLUDE_IN_FRAMEWORK_HEADER = YES;
				CLANG_WARN_RANGE_LOOP_ANALYSIS = YES;
				CLANG_WARN_STRICT_PROTOTYPES = YES;
				CLANG_WARN_SUSPICIOUS_MOVE = YES;
				CLANG_WARN_UNGUARDED_AVAILABILITY = YES_AGGRESSIVE;
				CLANG_WARN_UNREACHABLE_CODE = YES;
				CLANG_WARN__DUPLICATE_METHOD_MATCH = YES;
				COPY_PHASE_STRIP = NO;
				DEBUG_INFORMATION_FORMAT = dwarf;
				ENABLE_STRICT_OBJC_MSGSEND = YES;
				ENABLE_TESTABILITY = YES;
				GCC_C_LANGUAGE_STANDARD = gnu11;
				GCC_DYNAMIC_NO_PIC = NO;
				GCC_NO_COMMON_BLOCKS = YES;
				GCC_OPTIMIZATION_LEVEL = 0;
				GCC_PREPROCESSOR_DEFINITIONS = (
					"DEBUG=1",
					"$(inherited)",
				);
				GCC_WARN_64_TO_32_BIT_CONVERSION = YES;
				GCC_WARN_ABOUT_RETURN_TYPE = YES_ERROR;
				GCC_WARN_UNDECLARED_SELECTOR = YES;
				GCC_WARN_UNINITIALIZED_AUTOS = YES_AGGRESSIVE;
				GCC_WARN_UNUSED_FUNCTION = YES;
				GCC_WARN_UNUSED_VARIABLE = YES;
				IPHONEOS_DEPLOYMENT_TARGET = 16.1;
				MTL_ENABLE_DEBUG_INFO = INCLUDE_SOURCE;
				MTL_FAST_MATH = YES;
				ONLY_ACTIVE_ARCH = YES;
				SDKROOT = iphoneos;
				SWIFT_ACTIVE_COMPILATION_CONDITIONS = DEBUG;
				SWIFT_OPTIMIZATION_LEVEL = "-Onone";
			};
			name = Debug;
		};
		7A51BF67292411970050221B /* Release */ = {
			isa = XCBuildConfiguration;
			buildSettings = {
				ALWAYS_SEARCH_USER_PATHS = NO;
				CLANG_ANALYZER_NONNULL = YES;
				CLANG_ANALYZER_NUMBER_OBJECT_CONVERSION = YES_AGGRESSIVE;
				CLANG_CXX_LANGUAGE_STANDARD = "gnu++20";
				CLANG_ENABLE_MODULES = YES;
				CLANG_ENABLE_OBJC_ARC = YES;
				CLANG_ENABLE_OBJC_WEAK = YES;
				CLANG_WARN_BLOCK_CAPTURE_AUTORELEASING = YES;
				CLANG_WARN_BOOL_CONVERSION = YES;
				CLANG_WARN_COMMA = YES;
				CLANG_WARN_CONSTANT_CONVERSION = YES;
				CLANG_WARN_DEPRECATED_OBJC_IMPLEMENTATIONS = YES;
				CLANG_WARN_DIRECT_OBJC_ISA_USAGE = YES_ERROR;
				CLANG_WARN_DOCUMENTATION_COMMENTS = YES;
				CLANG_WARN_EMPTY_BODY = YES;
				CLANG_WARN_ENUM_CONVERSION = YES;
				CLANG_WARN_INFINITE_RECURSION = YES;
				CLANG_WARN_INT_CONVERSION = YES;
				CLANG_WARN_NON_LITERAL_NULL_CONVERSION = YES;
				CLANG_WARN_OBJC_IMPLICIT_RETAIN_SELF = YES;
				CLANG_WARN_OBJC_LITERAL_CONVERSION = YES;
				CLANG_WARN_OBJC_ROOT_CLASS = YES_ERROR;
				CLANG_WARN_QUOTED_INCLUDE_IN_FRAMEWORK_HEADER = YES;
				CLANG_WARN_RANGE_LOOP_ANALYSIS = YES;
				CLANG_WARN_STRICT_PROTOTYPES = YES;
				CLANG_WARN_SUSPICIOUS_MOVE = YES;
				CLANG_WARN_UNGUARDED_AVAILABILITY = YES_AGGRESSIVE;
				CLANG_WARN_UNREACHABLE_CODE = YES;
				CLANG_WARN__DUPLICATE_METHOD_MATCH = YES;
				COPY_PHASE_STRIP = NO;
				DEBUG_INFORMATION_FORMAT = "dwarf-with-dsym";
				ENABLE_NS_ASSERTIONS = NO;
				ENABLE_STRICT_OBJC_MSGSEND = YES;
				GCC_C_LANGUAGE_STANDARD = gnu11;
				GCC_NO_COMMON_BLOCKS = YES;
				GCC_WARN_64_TO_32_BIT_CONVERSION = YES;
				GCC_WARN_ABOUT_RETURN_TYPE = YES_ERROR;
				GCC_WARN_UNDECLARED_SELECTOR = YES;
				GCC_WARN_UNINITIALIZED_AUTOS = YES_AGGRESSIVE;
				GCC_WARN_UNUSED_FUNCTION = YES;
				GCC_WARN_UNUSED_VARIABLE = YES;
				IPHONEOS_DEPLOYMENT_TARGET = 16.1;
				MTL_ENABLE_DEBUG_INFO = NO;
				MTL_FAST_MATH = YES;
				SDKROOT = iphoneos;
				SWIFT_COMPILATION_MODE = wholemodule;
				SWIFT_OPTIMIZATION_LEVEL = "-O";
				VALIDATE_PRODUCT = YES;
			};
			name = Release;
		};
		7A51BF69292411970050221B /* Debug */ = {
			isa = XCBuildConfiguration;
			buildSettings = {
				ASSETCATALOG_COMPILER_APPICON_NAME = AppIcon;
				ASSETCATALOG_COMPILER_GLOBAL_ACCENT_COLOR_NAME = AccentColor;
				CODE_SIGN_STYLE = Automatic;
				CURRENT_PROJECT_VERSION = 1;
				DEVELOPMENT_ASSET_PATHS = "\"SwiftMap/Preview Content\"";
				DEVELOPMENT_TEAM = E9WWHWDDTX;
				ENABLE_PREVIEWS = YES;
				GENERATE_INFOPLIST_FILE = YES;
				INFOPLIST_KEY_UIApplicationSceneManifest_Generation = YES;
				INFOPLIST_KEY_UIApplicationSupportsIndirectInputEvents = YES;
				INFOPLIST_KEY_UILaunchScreen_Generation = YES;
				INFOPLIST_KEY_UISupportedInterfaceOrientations_iPad = "UIInterfaceOrientationPortrait UIInterfaceOrientationPortraitUpsideDown UIInterfaceOrientationLandscapeLeft UIInterfaceOrientationLandscapeRight";
				INFOPLIST_KEY_UISupportedInterfaceOrientations_iPhone = "UIInterfaceOrientationPortrait UIInterfaceOrientationLandscapeLeft UIInterfaceOrientationLandscapeRight";
				LD_RUNPATH_SEARCH_PATHS = (
					"$(inherited)",
					"@executable_path/Frameworks",
				);
				MARKETING_VERSION = 1.0;
				PRODUCT_BUNDLE_IDENTIFIER = com.tibirabotto.SwiftMap;
				PRODUCT_NAME = "$(TARGET_NAME)";
				SWIFT_EMIT_LOC_STRINGS = YES;
				SWIFT_VERSION = 5.0;
				TARGETED_DEVICE_FAMILY = "1,2";
			};
			name = Debug;
		};
		7A51BF6A292411970050221B /* Release */ = {
			isa = XCBuildConfiguration;
			buildSettings = {
				ASSETCATALOG_COMPILER_APPICON_NAME = AppIcon;
				ASSETCATALOG_COMPILER_GLOBAL_ACCENT_COLOR_NAME = AccentColor;
				CODE_SIGN_STYLE = Automatic;
				CURRENT_PROJECT_VERSION = 1;
				DEVELOPMENT_ASSET_PATHS = "\"SwiftMap/Preview Content\"";
				DEVELOPMENT_TEAM = E9WWHWDDTX;
				ENABLE_PREVIEWS = YES;
				GENERATE_INFOPLIST_FILE = YES;
				INFOPLIST_KEY_UIApplicationSceneManifest_Generation = YES;
				INFOPLIST_KEY_UIApplicationSupportsIndirectInputEvents = YES;
				INFOPLIST_KEY_UILaunchScreen_Generation = YES;
				INFOPLIST_KEY_UISupportedInterfaceOrientations_iPad = "UIInterfaceOrientationPortrait UIInterfaceOrientationPortraitUpsideDown UIInterfaceOrientationLandscapeLeft UIInterfaceOrientationLandscapeRight";
				INFOPLIST_KEY_UISupportedInterfaceOrientations_iPhone = "UIInterfaceOrientationPortrait UIInterfaceOrientationLandscapeLeft UIInterfaceOrientationLandscapeRight";
				LD_RUNPATH_SEARCH_PATHS = (
					"$(inherited)",
					"@executable_path/Frameworks",
				);
				MARKETING_VERSION = 1.0;
				PRODUCT_BUNDLE_IDENTIFIER = com.tibirabotto.SwiftMap;
				PRODUCT_NAME = "$(TARGET_NAME)";
				SWIFT_EMIT_LOC_STRINGS = YES;
				SWIFT_VERSION = 5.0;
				TARGETED_DEVICE_FAMILY = "1,2";
			};
			name = Release;
		};
/* End XCBuildConfiguration section */

/* Begin XCConfigurationList section */
		7A51BF55292411960050221B /* Build configuration list for PBXProject "SwiftMap" */ = {
			isa = XCConfigurationList;
			buildConfigurations = (
				7A51BF66292411970050221B /* Debug */,
				7A51BF67292411970050221B /* Release */,
			);
			defaultConfigurationIsVisible = 0;
			defaultConfigurationName = Release;
		};
		7A51BF68292411970050221B /* Build configuration list for PBXNativeTarget "SwiftMap" */ = {
			isa = XCConfigurationList;
			buildConfigurations = (
				7A51BF69292411970050221B /* Debug */,
				7A51BF6A292411970050221B /* Release */,
			);
			defaultConfigurationIsVisible = 0;
			defaultConfigurationName = Release;
		};
/* End XCConfigurationList section */
	};
	rootObject = 7A51BF52292411960050221B /* Project object */;
}
